<?xml version="1.0" encoding="utf-8"?>
<Project ToolsVersion="4.0" xmlns="http://schemas.microsoft.com/developer/msbuild/2003">
  <ItemGroup>
    <Filter Include="Source Files">
      <UniqueIdentifier>{4FC737F1-C7A5-4376-A066-2A32D752A2FF}</UniqueIdentifier>
      <Extensions>cpp;c;cc;cxx;def;odl;idl;hpj;bat;asm;asmx</Extensions>
    </Filter>
    <Filter Include="Header Files">
      <UniqueIdentifier>{93995380-89BD-4b04-88EB-625FBE52EBFB}</UniqueIdentifier>
      <Extensions>h;hh;hpp;hxx;hm;inl;inc;xsd</Extensions>
    </Filter>
    <Filter Include="Resource Files">
      <UniqueIdentifier>{67DA6AB6-F800-4c08-8B7A-83BB121AAD01}</UniqueIdentifier>
      <Extensions>rc;ico;cur;bmp;dlg;rc2;rct;bin;rgs;gif;jpg;jpeg;jpe;resx;tiff;tif;png;wav;mfcribbon-ms</Extensions>
    </Filter>
    <Filter Include="Overlay">
      <UniqueIdentifier>{c0086b6e-4830-4b4e-97f0-e29cd4d58085}</UniqueIdentifier>
    </Filter>
    <Filter Include="Direct3D">
      <UniqueIdentifier>{a5b24625-df30-4eff-a011-d247deef058b}</UniqueIdentifier>
    </Filter>
    <Filter Include="Include">
      <UniqueIdentifier>{36a0c679-b1dd-441d-b714-a710930933ba}</UniqueIdentifier>
    </Filter>
    <Filter Include="H1Z1">
      <UniqueIdentifier>{2e5b9548-ec0c-48b2-af1b-fce79fb14c5f}</UniqueIdentifier>
    </Filter>
    <Filter Include="Memory">
      <UniqueIdentifier>{f67f080e-bb1c-45c6-8de4-8f2741d9a0c0}</UniqueIdentifier>
    </Filter>
  </ItemGroup>
  <ItemGroup>
    <Text Include="ReadMe.txt" />
  </ItemGroup>
  <ItemGroup>
    <ClInclude Include="Overlay.h">
      <Filter>Overlay</Filter>
    </ClInclude>
    <ClInclude Include="Renderer.h">
      <Filter>Direct3D</Filter>
    </ClInclude>
    <ClInclude Include="Direct3D.h">
      <Filter>Include</Filter>
    </ClInclude>
    <ClInclude Include="Main.h">
      <Filter>Include</Filter>
    </ClInclude>
    <ClInclude Include="Color.h">
      <Filter>Direct3D</Filter>
    </ClInclude>
    <ClInclude Include="SDK.h">
      <Filter>H1Z1</Filter>
    </ClInclude>
    <ClInclude Include="Math.h">
      <Filter>Include</Filter>
    </ClInclude>
    <ClInclude Include="Engine.h">
      <Filter>H1Z1</Filter>
    </ClInclude>
    <ClInclude Include="Module.h">
      <Filter>Memory</Filter>
    </ClInclude>
    <ClInclude Include="Process.h">
      <Filter>Memory</Filter>
    </ClInclude>
    <ClInclude Include="Entity.h">
      <Filter>H1Z1</Filter>
    </ClInclude>
    <ClInclude Include="TestEnt.h">
      <Filter>H1Z1</Filter>
    </ClInclude>
  </ItemGroup>
  <ItemGroup>
    <ClCompile Include="DXOverlayTest.cpp">
      <Filter>Source Files</Filter>
    </ClCompile>
    <ClCompile Include="Overlay.cpp">
      <Filter>Overlay</Filter>
    </ClCompile>
    <ClCompile Include="Renderer.cpp">
      <Filter>Direct3D</Filter>
    </ClCompile>
    <ClCompile Include="Engine.cpp">
      <Filter>H1Z1</Filter>
    </ClCompile>
    <ClCompile Include="Module.cpp">
      <Filter>Memory</Filter>
    </ClCompile>
    <ClCompile Include="Process.cpp">
      <Filter>Memory</Filter>
    </ClCompile>
    <ClCompile Include="Entity.cpp">
      <Filter>H1Z1</Filter>
    </ClCompile>
    <ClCompile Include="TestEnt.cpp">
      <Filter>H1Z1</Filter>
    </ClCompile>
  </ItemGroup>
</Project>